// !$*UTF8*$!
{
	archiveVersion = 1;
	classes = {
	};
	objectVersion = 50;
	objects = {

/* Begin PBXBuildFile section */
		1306184724F7436700CB53EE /* PMTextView.swift in Sources */ = {isa = PBXBuildFile; fileRef = 1306184624F7436700CB53EE /* PMTextView.swift */; };
		13136A2124EE205800761CA1 /* ProjectController.swift in Sources */ = {isa = PBXBuildFile; fileRef = 13136A2024EE205800761CA1 /* ProjectController.swift */; };
		131FA91824F6417F007FA9B5 /* Roboto-Light.ttf in Resources */ = {isa = PBXBuildFile; fileRef = 131FA90C24F6416F007FA9B5 /* Roboto-Light.ttf */; };
		131FA91924F64183007FA9B5 /* Roboto-Black.ttf in Resources */ = {isa = PBXBuildFile; fileRef = 131FA91324F64170007FA9B5 /* Roboto-Black.ttf */; };
		131FA91A24F64186007FA9B5 /* Roboto-BlackItalic.ttf in Resources */ = {isa = PBXBuildFile; fileRef = 131FA90E24F64170007FA9B5 /* Roboto-BlackItalic.ttf */; };
		131FA91B24F64188007FA9B5 /* Roboto-Bold.ttf in Resources */ = {isa = PBXBuildFile; fileRef = 131FA91024F64170007FA9B5 /* Roboto-Bold.ttf */; };
		131FA91C24F6418B007FA9B5 /* Roboto-BoldItalic.ttf in Resources */ = {isa = PBXBuildFile; fileRef = 131FA91524F64170007FA9B5 /* Roboto-BoldItalic.ttf */; };
		131FA91D24F6418D007FA9B5 /* Roboto-Italic.ttf in Resources */ = {isa = PBXBuildFile; fileRef = 131FA90D24F6416F007FA9B5 /* Roboto-Italic.ttf */; };
		131FA91E24F64192007FA9B5 /* Roboto-LightItalic.ttf in Resources */ = {isa = PBXBuildFile; fileRef = 131FA90F24F64170007FA9B5 /* Roboto-LightItalic.ttf */; };
		131FA91F24F64194007FA9B5 /* Roboto-Medium.ttf in Resources */ = {isa = PBXBuildFile; fileRef = 131FA91424F64170007FA9B5 /* Roboto-Medium.ttf */; };
		131FA92024F64197007FA9B5 /* Roboto-MediumItalic.ttf in Resources */ = {isa = PBXBuildFile; fileRef = 131FA91724F64170007FA9B5 /* Roboto-MediumItalic.ttf */; };
		131FA92124F6419A007FA9B5 /* Roboto-Regular.ttf in Resources */ = {isa = PBXBuildFile; fileRef = 131FA91124F64170007FA9B5 /* Roboto-Regular.ttf */; };
		131FA92224F6419D007FA9B5 /* Roboto-Thin.ttf in Resources */ = {isa = PBXBuildFile; fileRef = 131FA91224F64170007FA9B5 /* Roboto-Thin.ttf */; };
		131FA92324F6419F007FA9B5 /* Roboto-ThinItalic.ttf in Resources */ = {isa = PBXBuildFile; fileRef = 131FA91624F64170007FA9B5 /* Roboto-ThinItalic.ttf */; };
		131FA92724F64676007FA9B5 /* PMLabel.swift in Sources */ = {isa = PBXBuildFile; fileRef = 131FA92624F64676007FA9B5 /* PMLabel.swift */; };
		131FA92924F64A2A007FA9B5 /* PMView.swift in Sources */ = {isa = PBXBuildFile; fileRef = 131FA92824F64A2A007FA9B5 /* PMView.swift */; };
		131FA92B24F65A63007FA9B5 /* PMButton.swift in Sources */ = {isa = PBXBuildFile; fileRef = 131FA92A24F65A63007FA9B5 /* PMButton.swift */; };
		131FA92D24F66145007FA9B5 /* PMDatePicker.swift in Sources */ = {isa = PBXBuildFile; fileRef = 131FA92C24F66145007FA9B5 /* PMDatePicker.swift */; };
		131FA92F24F6632B007FA9B5 /* PMBarButtonItem.swift in Sources */ = {isa = PBXBuildFile; fileRef = 131FA92E24F6632B007FA9B5 /* PMBarButtonItem.swift */; };
		1320460024F0AE6C008B38D7 /* ProductController.swift in Sources */ = {isa = PBXBuildFile; fileRef = 132045FF24F0AE6C008B38D7 /* ProductController.swift */; };
		1320460424F0B42E008B38D7 /* ProductsTableViewController.swift in Sources */ = {isa = PBXBuildFile; fileRef = 1320460324F0B42E008B38D7 /* ProductsTableViewController.swift */; };
		1320460624F0BA20008B38D7 /* ProductDetailViewController.swift in Sources */ = {isa = PBXBuildFile; fileRef = 1320460524F0BA20008B38D7 /* ProductDetailViewController.swift */; };
		1320460824F0BB20008B38D7 /* ProductTableViewCell.swift in Sources */ = {isa = PBXBuildFile; fileRef = 1320460724F0BB20008B38D7 /* ProductTableViewCell.swift */; };
		1323B25424EF774D00F9F4E1 /* NoteController.swift in Sources */ = {isa = PBXBuildFile; fileRef = 1323B25324EF774D00F9F4E1 /* NoteController.swift */; };
		13451D6824ECD90B009C9313 /* Project.swift in Sources */ = {isa = PBXBuildFile; fileRef = 13451D6724ECD90B009C9313 /* Project.swift */; };
		13451D6A24ECD953009C9313 /* Product.swift in Sources */ = {isa = PBXBuildFile; fileRef = 13451D6924ECD953009C9313 /* Product.swift */; };
		13451D6E24ECD96E009C9313 /* Note.m in Sources */ = {isa = PBXBuildFile; fileRef = 13451D6D24ECD96E009C9313 /* Note.m */; };
		136C662124F63C1700146689 /* PMTextField.swift in Sources */ = {isa = PBXBuildFile; fileRef = 136C662024F63C1700146689 /* PMTextField.swift */; };
		13CB3C8A24F8532800FA14FD /* PMTableViewCell.swift in Sources */ = {isa = PBXBuildFile; fileRef = 13CB3C8924F8532800FA14FD /* PMTableViewCell.swift */; };
		13CE97B424EF59F300200CB9 /* Receipt.swift in Sources */ = {isa = PBXBuildFile; fileRef = 13CE97B324EF59F300200CB9 /* Receipt.swift */; };
		13CE97BC24EF71B600200CB9 /* NotesTableViewController.swift in Sources */ = {isa = PBXBuildFile; fileRef = 13CE97BB24EF71B600200CB9 /* NotesTableViewController.swift */; };
		13CE97BE24EF71CC00200CB9 /* NoteDetailViewController.swift in Sources */ = {isa = PBXBuildFile; fileRef = 13CE97BD24EF71CC00200CB9 /* NoteDetailViewController.swift */; };
		13CE97C024EF724B00200CB9 /* NoteTableViewCell.swift in Sources */ = {isa = PBXBuildFile; fileRef = 13CE97BF24EF724B00200CB9 /* NoteTableViewCell.swift */; };
		13D9675024F4AEC900A31DB3 /* FinanciesViewController.swift in Sources */ = {isa = PBXBuildFile; fileRef = 13D9674F24F4AEC900A31DB3 /* FinanciesViewController.swift */; };
		13D9675224F4B09000A31DB3 /* FinancialPieChart.swift in Sources */ = {isa = PBXBuildFile; fileRef = 13D9675124F4B09000A31DB3 /* FinancialPieChart.swift */; };
		13EFFFEF24ECB73C0039F232 /* AppDelegate.swift in Sources */ = {isa = PBXBuildFile; fileRef = 13EFFFEE24ECB73C0039F232 /* AppDelegate.swift */; };
		13EFFFF124ECB73C0039F232 /* SceneDelegate.swift in Sources */ = {isa = PBXBuildFile; fileRef = 13EFFFF024ECB73C0039F232 /* SceneDelegate.swift */; };
		13EFFFF624ECB73C0039F232 /* Main.storyboard in Resources */ = {isa = PBXBuildFile; fileRef = 13EFFFF424ECB73C0039F232 /* Main.storyboard */; };
		13EFFFF824ECB73C0039F232 /* Assets.xcassets in Resources */ = {isa = PBXBuildFile; fileRef = 13EFFFF724ECB73C0039F232 /* Assets.xcassets */; };
		13EFFFFB24ECB73C0039F232 /* LaunchScreen.storyboard in Resources */ = {isa = PBXBuildFile; fileRef = 13EFFFF924ECB73C0039F232 /* LaunchScreen.storyboard */; };
		C315607E24F4BF25003AC820 /* Alert.swift in Sources */ = {isa = PBXBuildFile; fileRef = C315607D24F4BF25003AC820 /* Alert.swift */; };
		C315608E24F60319003AC820 /* ProfileViewController.swift in Sources */ = {isa = PBXBuildFile; fileRef = C315608D24F60319003AC820 /* ProfileViewController.swift */; };
		C3276C5624F42652001C4359 /* UIImage+Scaling.swift in Sources */ = {isa = PBXBuildFile; fileRef = C3276C5524F42652001C4359 /* UIImage+Scaling.swift */; };
		C328EB4324F89DFF004BA789 /* MainViewController.swift in Sources */ = {isa = PBXBuildFile; fileRef = C328EB4224F89DFF004BA789 /* MainViewController.swift */; };
		C328EB4524F8AC44004BA789 /* DashboardMainViewController.swift in Sources */ = {isa = PBXBuildFile; fileRef = C328EB4424F8AC44004BA789 /* DashboardMainViewController.swift */; };
		C32D7D2124EE074A00073746 /* ProjectsTableViewController.swift in Sources */ = {isa = PBXBuildFile; fileRef = C32D7D2024EE074A00073746 /* ProjectsTableViewController.swift */; };
		C32D7D2324EF613C00073746 /* ReceiptsTableViewController.swift in Sources */ = {isa = PBXBuildFile; fileRef = C32D7D2224EF613C00073746 /* ReceiptsTableViewController.swift */; };
		C32D7D2524EF650100073746 /* ReceiptController.swift in Sources */ = {isa = PBXBuildFile; fileRef = C32D7D2424EF650100073746 /* ReceiptController.swift */; };
		C32D7D2724EF6B7500073746 /* AddLocationReceiptViewController.swift in Sources */ = {isa = PBXBuildFile; fileRef = C32D7D2624EF6B7500073746 /* AddLocationReceiptViewController.swift */; };
		C32D7D2924EF6B8600073746 /* AddDateReceiptViewController.swift in Sources */ = {isa = PBXBuildFile; fileRef = C32D7D2824EF6B8600073746 /* AddDateReceiptViewController.swift */; };
		C32D7D2B24EF6BA200073746 /* AddPictureReceiptViewController.swift in Sources */ = {isa = PBXBuildFile; fileRef = C32D7D2A24EF6BA200073746 /* AddPictureReceiptViewController.swift */; };
		C32D7D2E24EF6BC000073746 /* AddDetailsReceiptViewController.swift in Sources */ = {isa = PBXBuildFile; fileRef = C32D7D2D24EF6BC000073746 /* AddDetailsReceiptViewController.swift */; };
		C32D7D3024EF6BD700073746 /* ReviewReceiptViewController.swift in Sources */ = {isa = PBXBuildFile; fileRef = C32D7D2F24EF6BD700073746 /* ReviewReceiptViewController.swift */; };
		C32D7D3224EF6CE000073746 /* DetailReceiptViewController.swift in Sources */ = {isa = PBXBuildFile; fileRef = C32D7D3124EF6CE000073746 /* DetailReceiptViewController.swift */; };
		C392711124ECC1E80032202A /* Projects.storyboard in Resources */ = {isa = PBXBuildFile; fileRef = C392711024ECC1E80032202A /* Projects.storyboard */; };
		C392711324ECC1F80032202A /* Dashboard.storyboard in Resources */ = {isa = PBXBuildFile; fileRef = C392711224ECC1F80032202A /* Dashboard.storyboard */; };
		C392711C24ECC2570032202A /* Profile.storyboard in Resources */ = {isa = PBXBuildFile; fileRef = C392711B24ECC2570032202A /* Profile.storyboard */; };
		C392711E24ECC2600032202A /* Receipts.storyboard in Resources */ = {isa = PBXBuildFile; fileRef = C392711D24ECC2600032202A /* Receipts.storyboard */; };
		C392712024ECC39A0032202A /* TabController.storyboard in Resources */ = {isa = PBXBuildFile; fileRef = C392711F24ECC39A0032202A /* TabController.storyboard */; };
/* End PBXBuildFile section */

/* Begin PBXFileReference section */
		1306184624F7436700CB53EE /* PMTextView.swift */ = {isa = PBXFileReference; lastKnownFileType = sourcecode.swift; path = PMTextView.swift; sourceTree = "<group>"; };
		13136A2024EE205800761CA1 /* ProjectController.swift */ = {isa = PBXFileReference; lastKnownFileType = sourcecode.swift; path = ProjectController.swift; sourceTree = "<group>"; };
		131FA90C24F6416F007FA9B5 /* Roboto-Light.ttf */ = {isa = PBXFileReference; lastKnownFileType = file; path = "Roboto-Light.ttf"; sourceTree = "<group>"; };
		131FA90D24F6416F007FA9B5 /* Roboto-Italic.ttf */ = {isa = PBXFileReference; lastKnownFileType = file; path = "Roboto-Italic.ttf"; sourceTree = "<group>"; };
		131FA90E24F64170007FA9B5 /* Roboto-BlackItalic.ttf */ = {isa = PBXFileReference; lastKnownFileType = file; path = "Roboto-BlackItalic.ttf"; sourceTree = "<group>"; };
		131FA90F24F64170007FA9B5 /* Roboto-LightItalic.ttf */ = {isa = PBXFileReference; lastKnownFileType = file; path = "Roboto-LightItalic.ttf"; sourceTree = "<group>"; };
		131FA91024F64170007FA9B5 /* Roboto-Bold.ttf */ = {isa = PBXFileReference; lastKnownFileType = file; path = "Roboto-Bold.ttf"; sourceTree = "<group>"; };
		131FA91124F64170007FA9B5 /* Roboto-Regular.ttf */ = {isa = PBXFileReference; lastKnownFileType = file; path = "Roboto-Regular.ttf"; sourceTree = "<group>"; };
		131FA91224F64170007FA9B5 /* Roboto-Thin.ttf */ = {isa = PBXFileReference; lastKnownFileType = file; path = "Roboto-Thin.ttf"; sourceTree = "<group>"; };
		131FA91324F64170007FA9B5 /* Roboto-Black.ttf */ = {isa = PBXFileReference; lastKnownFileType = file; path = "Roboto-Black.ttf"; sourceTree = "<group>"; };
		131FA91424F64170007FA9B5 /* Roboto-Medium.ttf */ = {isa = PBXFileReference; lastKnownFileType = file; path = "Roboto-Medium.ttf"; sourceTree = "<group>"; };
		131FA91524F64170007FA9B5 /* Roboto-BoldItalic.ttf */ = {isa = PBXFileReference; lastKnownFileType = file; path = "Roboto-BoldItalic.ttf"; sourceTree = "<group>"; };
		131FA91624F64170007FA9B5 /* Roboto-ThinItalic.ttf */ = {isa = PBXFileReference; lastKnownFileType = file; path = "Roboto-ThinItalic.ttf"; sourceTree = "<group>"; };
		131FA91724F64170007FA9B5 /* Roboto-MediumItalic.ttf */ = {isa = PBXFileReference; lastKnownFileType = file; path = "Roboto-MediumItalic.ttf"; sourceTree = "<group>"; };
		131FA92624F64676007FA9B5 /* PMLabel.swift */ = {isa = PBXFileReference; lastKnownFileType = sourcecode.swift; path = PMLabel.swift; sourceTree = "<group>"; };
		131FA92824F64A2A007FA9B5 /* PMView.swift */ = {isa = PBXFileReference; lastKnownFileType = sourcecode.swift; path = PMView.swift; sourceTree = "<group>"; };
		131FA92A24F65A63007FA9B5 /* PMButton.swift */ = {isa = PBXFileReference; lastKnownFileType = sourcecode.swift; path = PMButton.swift; sourceTree = "<group>"; };
		131FA92C24F66145007FA9B5 /* PMDatePicker.swift */ = {isa = PBXFileReference; lastKnownFileType = sourcecode.swift; path = PMDatePicker.swift; sourceTree = "<group>"; };
		131FA92E24F6632B007FA9B5 /* PMBarButtonItem.swift */ = {isa = PBXFileReference; lastKnownFileType = sourcecode.swift; path = PMBarButtonItem.swift; sourceTree = "<group>"; };
		132045FF24F0AE6C008B38D7 /* ProductController.swift */ = {isa = PBXFileReference; lastKnownFileType = sourcecode.swift; path = ProductController.swift; sourceTree = "<group>"; };
		1320460324F0B42E008B38D7 /* ProductsTableViewController.swift */ = {isa = PBXFileReference; lastKnownFileType = sourcecode.swift; name = ProductsTableViewController.swift; path = ProjectManager/Views/Dashboard/Products/ProductsTableViewController.swift; sourceTree = SOURCE_ROOT; };
		1320460524F0BA20008B38D7 /* ProductDetailViewController.swift */ = {isa = PBXFileReference; lastKnownFileType = sourcecode.swift; name = ProductDetailViewController.swift; path = ProjectManager/Views/Dashboard/Products/ProductDetailViewController.swift; sourceTree = SOURCE_ROOT; };
		1320460724F0BB20008B38D7 /* ProductTableViewCell.swift */ = {isa = PBXFileReference; lastKnownFileType = sourcecode.swift; path = ProductTableViewCell.swift; sourceTree = "<group>"; };
		1323B25324EF774D00F9F4E1 /* NoteController.swift */ = {isa = PBXFileReference; lastKnownFileType = sourcecode.swift; path = NoteController.swift; sourceTree = "<group>"; };
		13451D6724ECD90B009C9313 /* Project.swift */ = {isa = PBXFileReference; lastKnownFileType = sourcecode.swift; path = Project.swift; sourceTree = "<group>"; };
		13451D6924ECD953009C9313 /* Product.swift */ = {isa = PBXFileReference; lastKnownFileType = sourcecode.swift; path = Product.swift; sourceTree = "<group>"; };
		13451D6B24ECD96D009C9313 /* ProjectManager-Bridging-Header.h */ = {isa = PBXFileReference; lastKnownFileType = sourcecode.c.h; path = "ProjectManager-Bridging-Header.h"; sourceTree = "<group>"; };
		13451D6C24ECD96E009C9313 /* Note.h */ = {isa = PBXFileReference; lastKnownFileType = sourcecode.c.h; path = Note.h; sourceTree = "<group>"; };
		13451D6D24ECD96E009C9313 /* Note.m */ = {isa = PBXFileReference; lastKnownFileType = sourcecode.c.objc; path = Note.m; sourceTree = "<group>"; };
		136C662024F63C1700146689 /* PMTextField.swift */ = {isa = PBXFileReference; lastKnownFileType = sourcecode.swift; path = PMTextField.swift; sourceTree = "<group>"; };
		13CB3C8924F8532800FA14FD /* PMTableViewCell.swift */ = {isa = PBXFileReference; lastKnownFileType = sourcecode.swift; path = PMTableViewCell.swift; sourceTree = "<group>"; };
		13CE97B324EF59F300200CB9 /* Receipt.swift */ = {isa = PBXFileReference; lastKnownFileType = sourcecode.swift; path = Receipt.swift; sourceTree = "<group>"; };
		13CE97BB24EF71B600200CB9 /* NotesTableViewController.swift */ = {isa = PBXFileReference; lastKnownFileType = sourcecode.swift; path = NotesTableViewController.swift; sourceTree = "<group>"; };
		13CE97BD24EF71CC00200CB9 /* NoteDetailViewController.swift */ = {isa = PBXFileReference; lastKnownFileType = sourcecode.swift; path = NoteDetailViewController.swift; sourceTree = "<group>"; };
		13CE97BF24EF724B00200CB9 /* NoteTableViewCell.swift */ = {isa = PBXFileReference; lastKnownFileType = sourcecode.swift; path = NoteTableViewCell.swift; sourceTree = "<group>"; };
		13D9674F24F4AEC900A31DB3 /* FinanciesViewController.swift */ = {isa = PBXFileReference; lastKnownFileType = sourcecode.swift; name = FinanciesViewController.swift; path = "ProjectManager/View Controllers/FinanciesVC/FinanciesViewController.swift"; sourceTree = SOURCE_ROOT; };
		13D9675124F4B09000A31DB3 /* FinancialPieChart.swift */ = {isa = PBXFileReference; lastKnownFileType = sourcecode.swift; path = FinancialPieChart.swift; sourceTree = "<group>"; };
		13EFFFEB24ECB73C0039F232 /* ProjectManager.app */ = {isa = PBXFileReference; explicitFileType = wrapper.application; includeInIndex = 0; path = ProjectManager.app; sourceTree = BUILT_PRODUCTS_DIR; };
		13EFFFEE24ECB73C0039F232 /* AppDelegate.swift */ = {isa = PBXFileReference; lastKnownFileType = sourcecode.swift; path = AppDelegate.swift; sourceTree = "<group>"; };
		13EFFFF024ECB73C0039F232 /* SceneDelegate.swift */ = {isa = PBXFileReference; lastKnownFileType = sourcecode.swift; path = SceneDelegate.swift; sourceTree = "<group>"; };
		13EFFFF524ECB73C0039F232 /* Base */ = {isa = PBXFileReference; lastKnownFileType = file.storyboard; name = Base; path = Base.lproj/Main.storyboard; sourceTree = "<group>"; };
		13EFFFF724ECB73C0039F232 /* Assets.xcassets */ = {isa = PBXFileReference; lastKnownFileType = folder.assetcatalog; path = Assets.xcassets; sourceTree = "<group>"; };
		13EFFFFA24ECB73C0039F232 /* Base */ = {isa = PBXFileReference; lastKnownFileType = file.storyboard; name = Base; path = Base.lproj/LaunchScreen.storyboard; sourceTree = "<group>"; };
		13EFFFFC24ECB73C0039F232 /* Info.plist */ = {isa = PBXFileReference; lastKnownFileType = text.plist.xml; path = Info.plist; sourceTree = "<group>"; };
		C315607D24F4BF25003AC820 /* Alert.swift */ = {isa = PBXFileReference; lastKnownFileType = sourcecode.swift; path = Alert.swift; sourceTree = "<group>"; };
		C315608D24F60319003AC820 /* ProfileViewController.swift */ = {isa = PBXFileReference; lastKnownFileType = sourcecode.swift; path = ProfileViewController.swift; sourceTree = "<group>"; };
		C3276C5524F42652001C4359 /* UIImage+Scaling.swift */ = {isa = PBXFileReference; lastKnownFileType = sourcecode.swift; path = "UIImage+Scaling.swift"; sourceTree = "<group>"; };
		C328EB4224F89DFF004BA789 /* MainViewController.swift */ = {isa = PBXFileReference; lastKnownFileType = sourcecode.swift; name = MainViewController.swift; path = "ProjectManager/View Controllers/ProfileVC/MainViewController.swift"; sourceTree = SOURCE_ROOT; };
		C328EB4424F8AC44004BA789 /* DashboardMainViewController.swift */ = {isa = PBXFileReference; lastKnownFileType = sourcecode.swift; path = DashboardMainViewController.swift; sourceTree = "<group>"; };
		C32D7D2024EE074A00073746 /* ProjectsTableViewController.swift */ = {isa = PBXFileReference; lastKnownFileType = sourcecode.swift; path = ProjectsTableViewController.swift; sourceTree = "<group>"; };
		C32D7D2224EF613C00073746 /* ReceiptsTableViewController.swift */ = {isa = PBXFileReference; lastKnownFileType = sourcecode.swift; path = ReceiptsTableViewController.swift; sourceTree = "<group>"; };
		C32D7D2424EF650100073746 /* ReceiptController.swift */ = {isa = PBXFileReference; lastKnownFileType = sourcecode.swift; path = ReceiptController.swift; sourceTree = "<group>"; };
		C32D7D2624EF6B7500073746 /* AddLocationReceiptViewController.swift */ = {isa = PBXFileReference; lastKnownFileType = sourcecode.swift; path = AddLocationReceiptViewController.swift; sourceTree = "<group>"; };
		C32D7D2824EF6B8600073746 /* AddDateReceiptViewController.swift */ = {isa = PBXFileReference; lastKnownFileType = sourcecode.swift; path = AddDateReceiptViewController.swift; sourceTree = "<group>"; };
		C32D7D2A24EF6BA200073746 /* AddPictureReceiptViewController.swift */ = {isa = PBXFileReference; lastKnownFileType = sourcecode.swift; path = AddPictureReceiptViewController.swift; sourceTree = "<group>"; };
		C32D7D2D24EF6BC000073746 /* AddDetailsReceiptViewController.swift */ = {isa = PBXFileReference; lastKnownFileType = sourcecode.swift; path = AddDetailsReceiptViewController.swift; sourceTree = "<group>"; };
		C32D7D2F24EF6BD700073746 /* ReviewReceiptViewController.swift */ = {isa = PBXFileReference; lastKnownFileType = sourcecode.swift; path = ReviewReceiptViewController.swift; sourceTree = "<group>"; };
		C32D7D3124EF6CE000073746 /* DetailReceiptViewController.swift */ = {isa = PBXFileReference; lastKnownFileType = sourcecode.swift; path = DetailReceiptViewController.swift; sourceTree = "<group>"; };
		C392711024ECC1E80032202A /* Projects.storyboard */ = {isa = PBXFileReference; lastKnownFileType = file.storyboard; path = Projects.storyboard; sourceTree = "<group>"; };
		C392711224ECC1F80032202A /* Dashboard.storyboard */ = {isa = PBXFileReference; lastKnownFileType = file.storyboard; path = Dashboard.storyboard; sourceTree = "<group>"; };
		C392711B24ECC2570032202A /* Profile.storyboard */ = {isa = PBXFileReference; lastKnownFileType = file.storyboard; path = Profile.storyboard; sourceTree = "<group>"; };
		C392711D24ECC2600032202A /* Receipts.storyboard */ = {isa = PBXFileReference; lastKnownFileType = file.storyboard; path = Receipts.storyboard; sourceTree = "<group>"; };
		C392711F24ECC39A0032202A /* TabController.storyboard */ = {isa = PBXFileReference; lastKnownFileType = file.storyboard; path = TabController.storyboard; sourceTree = "<group>"; };
/* End PBXFileReference section */

/* Begin PBXFrameworksBuildPhase section */
		13EFFFE824ECB73C0039F232 /* Frameworks */ = {
			isa = PBXFrameworksBuildPhase;
			buildActionMask = 2147483647;
			files = (
			);
			runOnlyForDeploymentPostprocessing = 0;
		};
/* End PBXFrameworksBuildPhase section */

/* Begin PBXGroup section */
		131FA90B24F64163007FA9B5 /* fonts */ = {
			isa = PBXGroup;
			children = (
				131FA91324F64170007FA9B5 /* Roboto-Black.ttf */,
				131FA90E24F64170007FA9B5 /* Roboto-BlackItalic.ttf */,
				131FA91024F64170007FA9B5 /* Roboto-Bold.ttf */,
				131FA91524F64170007FA9B5 /* Roboto-BoldItalic.ttf */,
				131FA90D24F6416F007FA9B5 /* Roboto-Italic.ttf */,
				131FA90C24F6416F007FA9B5 /* Roboto-Light.ttf */,
				131FA90F24F64170007FA9B5 /* Roboto-LightItalic.ttf */,
				131FA91424F64170007FA9B5 /* Roboto-Medium.ttf */,
				131FA91724F64170007FA9B5 /* Roboto-MediumItalic.ttf */,
				131FA91124F64170007FA9B5 /* Roboto-Regular.ttf */,
				131FA91224F64170007FA9B5 /* Roboto-Thin.ttf */,
				131FA91624F64170007FA9B5 /* Roboto-ThinItalic.ttf */,
			);
			path = fonts;
			sourceTree = "<group>";
		};
		13451D6624ECD8DB009C9313 /* Models */ = {
			isa = PBXGroup;
			children = (
				13451D6724ECD90B009C9313 /* Project.swift */,
				13451D6924ECD953009C9313 /* Product.swift */,
				13451D6C24ECD96E009C9313 /* Note.h */,
				13451D6D24ECD96E009C9313 /* Note.m */,
				13451D6B24ECD96D009C9313 /* ProjectManager-Bridging-Header.h */,
				13CE97B324EF59F300200CB9 /* Receipt.swift */,
				C315607D24F4BF25003AC820 /* Alert.swift */,
			);
			path = Models;
			sourceTree = "<group>";
		};
		136C661F24F63AF900146689 /* UI */ = {
			isa = PBXGroup;
			children = (
				136C662024F63C1700146689 /* PMTextField.swift */,
				131FA92624F64676007FA9B5 /* PMLabel.swift */,
				131FA92824F64A2A007FA9B5 /* PMView.swift */,
				131FA92A24F65A63007FA9B5 /* PMButton.swift */,
				131FA92C24F66145007FA9B5 /* PMDatePicker.swift */,
				131FA92E24F6632B007FA9B5 /* PMBarButtonItem.swift */,
				1306184624F7436700CB53EE /* PMTextView.swift */,
				13CB3C8924F8532800FA14FD /* PMTableViewCell.swift */,
			);
			path = UI;
			sourceTree = "<group>";
		};
		13EFFFE224ECB73C0039F232 = {
			isa = PBXGroup;
			children = (
				13EFFFED24ECB73C0039F232 /* ProjectManager */,
				13EFFFEC24ECB73C0039F232 /* Products */,
			);
			sourceTree = "<group>";
		};
		13EFFFEC24ECB73C0039F232 /* Products */ = {
			isa = PBXGroup;
			children = (
				13EFFFEB24ECB73C0039F232 /* ProjectManager.app */,
			);
			name = Products;
			sourceTree = "<group>";
		};
		13EFFFED24ECB73C0039F232 /* ProjectManager */ = {
			isa = PBXGroup;
			children = (
				13451D6624ECD8DB009C9313 /* Models */,
				C392710724ECC0FA0032202A /* Views */,
				C392710624ECC0F10032202A /* View Controllers */,
				C392710424ECC0AF0032202A /* Controllers */,
				C392710524ECC0DA0032202A /* Resources */,
				13EFFFFC24ECB73C0039F232 /* Info.plist */,
			);
			path = ProjectManager;
			sourceTree = "<group>";
		};
		C392710424ECC0AF0032202A /* Controllers */ = {
			isa = PBXGroup;
			children = (
				13136A2024EE205800761CA1 /* ProjectController.swift */,
				C32D7D2424EF650100073746 /* ReceiptController.swift */,
				1323B25324EF774D00F9F4E1 /* NoteController.swift */,
				132045FF24F0AE6C008B38D7 /* ProductController.swift */,
			);
			path = Controllers;
			sourceTree = "<group>";
		};
		C392710524ECC0DA0032202A /* Resources */ = {
			isa = PBXGroup;
			children = (
				131FA90B24F64163007FA9B5 /* fonts */,
				13EFFFEE24ECB73C0039F232 /* AppDelegate.swift */,
				13EFFFF024ECB73C0039F232 /* SceneDelegate.swift */,
				13EFFFF724ECB73C0039F232 /* Assets.xcassets */,
				C3276C5524F42652001C4359 /* UIImage+Scaling.swift */,
			);
			path = Resources;
			sourceTree = "<group>";
		};
		C392710624ECC0F10032202A /* View Controllers */ = {
			isa = PBXGroup;
			children = (
				C392712124ECC91B0032202A /* MainVC */,
				C392712824ECC9800032202A /* ProjectsVC */,
				C392712724ECC96B0032202A /* DashboardVC */,
				C392712324ECC9430032202A /* ProfileVC */,
				C392712224ECC9390032202A /* ReceiptsVC */,
			);
			path = "View Controllers";
			sourceTree = "<group>";
		};
		C392710724ECC0FA0032202A /* Views */ = {
			isa = PBXGroup;
			children = (
				136C661F24F63AF900146689 /* UI */,
				C392710824ECC11A0032202A /* Main */,
				13EFFFF424ECB73C0039F232 /* Main.storyboard */,
				C392711F24ECC39A0032202A /* TabController.storyboard */,
				13EFFFF924ECB73C0039F232 /* LaunchScreen.storyboard */,
				C392710F24ECC19D0032202A /* Projects */,
				C392710A24ECC1300032202A /* Dashboard */,
				C392710E24ECC15E0032202A /* Profile */,
				C392710924ECC1240032202A /* Receipts */,
			);
			path = Views;
			sourceTree = "<group>";
		};
		C392710824ECC11A0032202A /* Main */ = {
			isa = PBXGroup;
			children = (
			);
			path = Main;
			sourceTree = "<group>";
		};
		C392710924ECC1240032202A /* Receipts */ = {
			isa = PBXGroup;
			children = (
				C392711D24ECC2600032202A /* Receipts.storyboard */,
			);
			path = Receipts;
			sourceTree = "<group>";
		};
		C392710A24ECC1300032202A /* Dashboard */ = {
			isa = PBXGroup;
			children = (
				C392711224ECC1F80032202A /* Dashboard.storyboard */,
				C392710D24ECC14C0032202A /* Notes */,
				C392710C24ECC1450032202A /* Products */,
				C392710B24ECC13E0032202A /* Finances */,
			);
			path = Dashboard;
			sourceTree = "<group>";
		};
		C392710B24ECC13E0032202A /* Finances */ = {
			isa = PBXGroup;
			children = (
				13D9675124F4B09000A31DB3 /* FinancialPieChart.swift */,
			);
			path = Finances;
			sourceTree = "<group>";
		};
		C392710C24ECC1450032202A /* Products */ = {
			isa = PBXGroup;
			children = (
				1320460724F0BB20008B38D7 /* ProductTableViewCell.swift */,
			);
			path = Products;
			sourceTree = "<group>";
		};
		C392710D24ECC14C0032202A /* Notes */ = {
			isa = PBXGroup;
			children = (
				13CE97BF24EF724B00200CB9 /* NoteTableViewCell.swift */,
			);
			path = Notes;
			sourceTree = "<group>";
		};
		C392710E24ECC15E0032202A /* Profile */ = {
			isa = PBXGroup;
			children = (
				C392711B24ECC2570032202A /* Profile.storyboard */,
			);
			path = Profile;
			sourceTree = "<group>";
		};
		C392710F24ECC19D0032202A /* Projects */ = {
			isa = PBXGroup;
			children = (
				C392711024ECC1E80032202A /* Projects.storyboard */,
			);
			path = Projects;
			sourceTree = "<group>";
		};
		C392712124ECC91B0032202A /* MainVC */ = {
			isa = PBXGroup;
			children = (
				C328EB4224F89DFF004BA789 /* MainViewController.swift */,
			);
			path = MainVC;
			sourceTree = "<group>";
		};
		C392712224ECC9390032202A /* ReceiptsVC */ = {
			isa = PBXGroup;
			children = (
				C32D7D2224EF613C00073746 /* ReceiptsTableViewController.swift */,
				C32D7D2624EF6B7500073746 /* AddLocationReceiptViewController.swift */,
				C32D7D2824EF6B8600073746 /* AddDateReceiptViewController.swift */,
				C32D7D2A24EF6BA200073746 /* AddPictureReceiptViewController.swift */,
				C32D7D2D24EF6BC000073746 /* AddDetailsReceiptViewController.swift */,
				C32D7D2F24EF6BD700073746 /* ReviewReceiptViewController.swift */,
				C32D7D3124EF6CE000073746 /* DetailReceiptViewController.swift */,
			);
			path = ReceiptsVC;
			sourceTree = "<group>";
		};
		C392712324ECC9430032202A /* ProfileVC */ = {
			isa = PBXGroup;
			children = (
				C315608D24F60319003AC820 /* ProfileViewController.swift */,
			);
			path = ProfileVC;
			sourceTree = "<group>";
		};
		C392712424ECC94C0032202A /* FinancesVC */ = {
			isa = PBXGroup;
			children = (
				13D9674F24F4AEC900A31DB3 /* FinanciesViewController.swift */,
			);
			path = FinancesVC;
			sourceTree = "<group>";
		};
		C392712524ECC9590032202A /* ProductsVC */ = {
			isa = PBXGroup;
			children = (
				1320460324F0B42E008B38D7 /* ProductsTableViewController.swift */,
				1320460524F0BA20008B38D7 /* ProductDetailViewController.swift */,
			);
			path = ProductsVC;
			sourceTree = "<group>";
		};
		C392712624ECC9630032202A /* NotesVC */ = {
			isa = PBXGroup;
			children = (
				13CE97BB24EF71B600200CB9 /* NotesTableViewController.swift */,
				13CE97BD24EF71CC00200CB9 /* NoteDetailViewController.swift */,
			);
			path = NotesVC;
			sourceTree = "<group>";
		};
		C392712724ECC96B0032202A /* DashboardVC */ = {
			isa = PBXGroup;
			children = (
				C392712624ECC9630032202A /* NotesVC */,
				C392712524ECC9590032202A /* ProductsVC */,
				C392712424ECC94C0032202A /* FinancesVC */,
				C328EB4424F8AC44004BA789 /* DashboardMainViewController.swift */,
			);
			path = DashboardVC;
			sourceTree = "<group>";
		};
		C392712824ECC9800032202A /* ProjectsVC */ = {
			isa = PBXGroup;
			children = (
				C32D7D2024EE074A00073746 /* ProjectsTableViewController.swift */,
			);
			path = ProjectsVC;
			sourceTree = "<group>";
		};
/* End PBXGroup section */

/* Begin PBXNativeTarget section */
		13EFFFEA24ECB73C0039F232 /* ProjectManager */ = {
			isa = PBXNativeTarget;
			buildConfigurationList = 13EFFFFF24ECB73C0039F232 /* Build configuration list for PBXNativeTarget "ProjectManager" */;
			buildPhases = (
				13EFFFE724ECB73C0039F232 /* Sources */,
				13EFFFE824ECB73C0039F232 /* Frameworks */,
				13EFFFE924ECB73C0039F232 /* Resources */,
			);
			buildRules = (
			);
			dependencies = (
			);
			name = ProjectManager;
			productName = ProjectManager;
			productReference = 13EFFFEB24ECB73C0039F232 /* ProjectManager.app */;
			productType = "com.apple.product-type.application";
		};
/* End PBXNativeTarget section */

/* Begin PBXProject section */
		13EFFFE324ECB73C0039F232 /* Project object */ = {
			isa = PBXProject;
			attributes = {
				LastSwiftUpdateCheck = 1130;
				LastUpgradeCheck = 1130;
				ORGANIZATIONNAME = LambdaStudents;
				TargetAttributes = {
					13EFFFEA24ECB73C0039F232 = {
						CreatedOnToolsVersion = 11.3.1;
						LastSwiftMigration = 1130;
					};
				};
			};
			buildConfigurationList = 13EFFFE624ECB73C0039F232 /* Build configuration list for PBXProject "ProjectManager" */;
			compatibilityVersion = "Xcode 9.3";
			developmentRegion = en;
			hasScannedForEncodings = 0;
			knownRegions = (
				en,
				Base,
			);
			mainGroup = 13EFFFE224ECB73C0039F232;
			productRefGroup = 13EFFFEC24ECB73C0039F232 /* Products */;
			projectDirPath = "";
			projectRoot = "";
			targets = (
				13EFFFEA24ECB73C0039F232 /* ProjectManager */,
			);
		};
/* End PBXProject section */

/* Begin PBXResourcesBuildPhase section */
		13EFFFE924ECB73C0039F232 /* Resources */ = {
			isa = PBXResourcesBuildPhase;
			buildActionMask = 2147483647;
			files = (
				131FA92324F6419F007FA9B5 /* Roboto-ThinItalic.ttf in Resources */,
				131FA92024F64197007FA9B5 /* Roboto-MediumItalic.ttf in Resources */,
				131FA91F24F64194007FA9B5 /* Roboto-Medium.ttf in Resources */,
				C392711124ECC1E80032202A /* Projects.storyboard in Resources */,
				C392711324ECC1F80032202A /* Dashboard.storyboard in Resources */,
				131FA91E24F64192007FA9B5 /* Roboto-LightItalic.ttf in Resources */,
				131FA91B24F64188007FA9B5 /* Roboto-Bold.ttf in Resources */,
				131FA92124F6419A007FA9B5 /* Roboto-Regular.ttf in Resources */,
				13EFFFFB24ECB73C0039F232 /* LaunchScreen.storyboard in Resources */,
				131FA91C24F6418B007FA9B5 /* Roboto-BoldItalic.ttf in Resources */,
				13EFFFF824ECB73C0039F232 /* Assets.xcassets in Resources */,
				C392711C24ECC2570032202A /* Profile.storyboard in Resources */,
				C392712024ECC39A0032202A /* TabController.storyboard in Resources */,
				131FA91A24F64186007FA9B5 /* Roboto-BlackItalic.ttf in Resources */,
				13EFFFF624ECB73C0039F232 /* Main.storyboard in Resources */,
				131FA92224F6419D007FA9B5 /* Roboto-Thin.ttf in Resources */,
				131FA91924F64183007FA9B5 /* Roboto-Black.ttf in Resources */,
				131FA91D24F6418D007FA9B5 /* Roboto-Italic.ttf in Resources */,
				C392711E24ECC2600032202A /* Receipts.storyboard in Resources */,
				131FA91824F6417F007FA9B5 /* Roboto-Light.ttf in Resources */,
			);
			runOnlyForDeploymentPostprocessing = 0;
		};
/* End PBXResourcesBuildPhase section */

/* Begin PBXSourcesBuildPhase section */
		13EFFFE724ECB73C0039F232 /* Sources */ = {
			isa = PBXSourcesBuildPhase;
			buildActionMask = 2147483647;
			files = (
				131FA92B24F65A63007FA9B5 /* PMButton.swift in Sources */,
				C32D7D2524EF650100073746 /* ReceiptController.swift in Sources */,
				C32D7D2724EF6B7500073746 /* AddLocationReceiptViewController.swift in Sources */,
				C32D7D2E24EF6BC000073746 /* AddDetailsReceiptViewController.swift in Sources */,
				13451D6E24ECD96E009C9313 /* Note.m in Sources */,
				C328EB4324F89DFF004BA789 /* MainViewController.swift in Sources */,
				13CE97BE24EF71CC00200CB9 /* NoteDetailViewController.swift in Sources */,
				1320460624F0BA20008B38D7 /* ProductDetailViewController.swift in Sources */,
				C32D7D2924EF6B8600073746 /* AddDateReceiptViewController.swift in Sources */,
				C3276C5624F42652001C4359 /* UIImage+Scaling.swift in Sources */,
				13EFFFEF24ECB73C0039F232 /* AppDelegate.swift in Sources */,
				C315607E24F4BF25003AC820 /* Alert.swift in Sources */,
				13CE97C024EF724B00200CB9 /* NoteTableViewCell.swift in Sources */,
				13136A2124EE205800761CA1 /* ProjectController.swift in Sources */,
				1323B25424EF774D00F9F4E1 /* NoteController.swift in Sources */,
				13451D6A24ECD953009C9313 /* Product.swift in Sources */,
				131FA92F24F6632B007FA9B5 /* PMBarButtonItem.swift in Sources */,
				1320460424F0B42E008B38D7 /* ProductsTableViewController.swift in Sources */,
				13CE97B424EF59F300200CB9 /* Receipt.swift in Sources */,
				136C662124F63C1700146689 /* PMTextField.swift in Sources */,
				13CE97BC24EF71B600200CB9 /* NotesTableViewController.swift in Sources */,
				C315608E24F60319003AC820 /* ProfileViewController.swift in Sources */,
				C32D7D2B24EF6BA200073746 /* AddPictureReceiptViewController.swift in Sources */,
				C32D7D3024EF6BD700073746 /* ReviewReceiptViewController.swift in Sources */,
				13CB3C8A24F8532800FA14FD /* PMTableViewCell.swift in Sources */,
				13D9675224F4B09000A31DB3 /* FinancialPieChart.swift in Sources */,
				131FA92D24F66145007FA9B5 /* PMDatePicker.swift in Sources */,
				1320460824F0BB20008B38D7 /* ProductTableViewCell.swift in Sources */,
				131FA92924F64A2A007FA9B5 /* PMView.swift in Sources */,
				131FA92724F64676007FA9B5 /* PMLabel.swift in Sources */,
				C328EB4524F8AC44004BA789 /* DashboardMainViewController.swift in Sources */,
				C32D7D2324EF613C00073746 /* ReceiptsTableViewController.swift in Sources */,
				1320460024F0AE6C008B38D7 /* ProductController.swift in Sources */,
				13EFFFF124ECB73C0039F232 /* SceneDelegate.swift in Sources */,
				13451D6824ECD90B009C9313 /* Project.swift in Sources */,
				13D9675024F4AEC900A31DB3 /* FinanciesViewController.swift in Sources */,
				C32D7D3224EF6CE000073746 /* DetailReceiptViewController.swift in Sources */,
				C32D7D2124EE074A00073746 /* ProjectsTableViewController.swift in Sources */,
				1306184724F7436700CB53EE /* PMTextView.swift in Sources */,
			);
			runOnlyForDeploymentPostprocessing = 0;
		};
/* End PBXSourcesBuildPhase section */

/* Begin PBXVariantGroup section */
		13EFFFF424ECB73C0039F232 /* Main.storyboard */ = {
			isa = PBXVariantGroup;
			children = (
				13EFFFF524ECB73C0039F232 /* Base */,
			);
			name = Main.storyboard;
			sourceTree = "<group>";
		};
		13EFFFF924ECB73C0039F232 /* LaunchScreen.storyboard */ = {
			isa = PBXVariantGroup;
			children = (
				13EFFFFA24ECB73C0039F232 /* Base */,
			);
			name = LaunchScreen.storyboard;
			sourceTree = "<group>";
		};
/* End PBXVariantGroup section */

/* Begin XCBuildConfiguration section */
		13EF000024ECB73C0039F232 /* Debug */ = {
			isa = XCBuildConfiguration;
			buildSettings = {
				ASSETCATALOG_COMPILER_APPICON_NAME = AppIcon;
				CLANG_ENABLE_MODULES = YES;
				CODE_SIGN_STYLE = Automatic;
				DEVELOPMENT_TEAM = 39WA4QS927;
				INFOPLIST_FILE = ProjectManager/Info.plist;
				LD_RUNPATH_SEARCH_PATHS = (
					"$(inherited)",
					"@executable_path/Frameworks",
				);
				PRODUCT_BUNDLE_IDENTIFIER = com.LambdaStudents.ProjectManager;
				PRODUCT_NAME = "$(TARGET_NAME)";
				SWIFT_OBJC_BRIDGING_HEADER = "ProjectManager/Models/ProjectManager-Bridging-Header.h";
				SWIFT_OPTIMIZATION_LEVEL = "-Onone";
				SWIFT_VERSION = 5.0;
				TARGETED_DEVICE_FAMILY = "1,2";
			};
			name = Debug;
		};
		13EF000124ECB73C0039F232 /* Release */ = {
			isa = XCBuildConfiguration;
			buildSettings = {
				ASSETCATALOG_COMPILER_APPICON_NAME = AppIcon;
				CLANG_ENABLE_MODULES = YES;
				CODE_SIGN_STYLE = Automatic;
				DEVELOPMENT_TEAM = 39WA4QS927;
				INFOPLIST_FILE = ProjectManager/Info.plist;
				LD_RUNPATH_SEARCH_PATHS = (
					"$(inherited)",
					"@executable_path/Frameworks",
				);
				PRODUCT_BUNDLE_IDENTIFIER = com.LambdaStudents.ProjectManager;
				PRODUCT_NAME = "$(TARGET_NAME)";
				SWIFT_OBJC_BRIDGING_HEADER = "ProjectManager/Models/ProjectManager-Bridging-Header.h";
				SWIFT_VERSION = 5.0;
				TARGETED_DEVICE_FAMILY = "1,2";
			};
			name = Release;
		};
		13EFFFFD24ECB73C0039F232 /* Debug */ = {
			isa = XCBuildConfiguration;
			buildSettings = {
				ALWAYS_SEARCH_USER_PATHS = NO;
				CLANG_ANALYZER_NONNULL = YES;
				CLANG_ANALYZER_NUMBER_OBJECT_CONVERSION = YES_AGGRESSIVE;
				CLANG_CXX_LANGUAGE_STANDARD = "gnu++14";
				CLANG_CXX_LIBRARY = "libc++";
				CLANG_ENABLE_MODULES = YES;
				CLANG_ENABLE_OBJC_ARC = YES;
				CLANG_ENABLE_OBJC_WEAK = YES;
				CLANG_WARN_BLOCK_CAPTURE_AUTORELEASING = YES;
				CLANG_WARN_BOOL_CONVERSION = YES;
				CLANG_WARN_COMMA = YES;
				CLANG_WARN_CONSTANT_CONVERSION = YES;
				CLANG_WARN_DEPRECATED_OBJC_IMPLEMENTATIONS = YES;
				CLANG_WARN_DIRECT_OBJC_ISA_USAGE = YES_ERROR;
				CLANG_WARN_DOCUMENTATION_COMMENTS = YES;
				CLANG_WARN_EMPTY_BODY = YES;
				CLANG_WARN_ENUM_CONVERSION = YES;
				CLANG_WARN_INFINITE_RECURSION = YES;
				CLANG_WARN_INT_CONVERSION = YES;
				CLANG_WARN_NON_LITERAL_NULL_CONVERSION = YES;
				CLANG_WARN_OBJC_IMPLICIT_RETAIN_SELF = YES;
				CLANG_WARN_OBJC_LITERAL_CONVERSION = YES;
				CLANG_WARN_OBJC_ROOT_CLASS = YES_ERROR;
				CLANG_WARN_RANGE_LOOP_ANALYSIS = YES;
				CLANG_WARN_STRICT_PROTOTYPES = YES;
				CLANG_WARN_SUSPICIOUS_MOVE = YES;
				CLANG_WARN_UNGUARDED_AVAILABILITY = YES_AGGRESSIVE;
				CLANG_WARN_UNREACHABLE_CODE = YES;
				CLANG_WARN__DUPLICATE_METHOD_MATCH = YES;
				COPY_PHASE_STRIP = NO;
				DEBUG_INFORMATION_FORMAT = dwarf;
				ENABLE_STRICT_OBJC_MSGSEND = YES;
				ENABLE_TESTABILITY = YES;
				GCC_C_LANGUAGE_STANDARD = gnu11;
				GCC_DYNAMIC_NO_PIC = NO;
				GCC_NO_COMMON_BLOCKS = YES;
				GCC_OPTIMIZATION_LEVEL = 0;
				GCC_PREPROCESSOR_DEFINITIONS = (
					"DEBUG=1",
					"$(inherited)",
				);
				GCC_WARN_64_TO_32_BIT_CONVERSION = YES;
				GCC_WARN_ABOUT_RETURN_TYPE = YES_ERROR;
				GCC_WARN_UNDECLARED_SELECTOR = YES;
				GCC_WARN_UNINITIALIZED_AUTOS = YES_AGGRESSIVE;
				GCC_WARN_UNUSED_FUNCTION = YES;
				GCC_WARN_UNUSED_VARIABLE = YES;
				IPHONEOS_DEPLOYMENT_TARGET = 13.2;
				MTL_ENABLE_DEBUG_INFO = INCLUDE_SOURCE;
				MTL_FAST_MATH = YES;
				ONLY_ACTIVE_ARCH = YES;
				SDKROOT = iphoneos;
				SWIFT_ACTIVE_COMPILATION_CONDITIONS = DEBUG;
				SWIFT_OPTIMIZATION_LEVEL = "-Onone";
			};
			name = Debug;
		};
		13EFFFFE24ECB73C0039F232 /* Release */ = {
			isa = XCBuildConfiguration;
			buildSettings = {
				ALWAYS_SEARCH_USER_PATHS = NO;
				CLANG_ANALYZER_NONNULL = YES;
				CLANG_ANALYZER_NUMBER_OBJECT_CONVERSION = YES_AGGRESSIVE;
				CLANG_CXX_LANGUAGE_STANDARD = "gnu++14";
				CLANG_CXX_LIBRARY = "libc++";
				CLANG_ENABLE_MODULES = YES;
				CLANG_ENABLE_OBJC_ARC = YES;
				CLANG_ENABLE_OBJC_WEAK = YES;
				CLANG_WARN_BLOCK_CAPTURE_AUTORELEASING = YES;
				CLANG_WARN_BOOL_CONVERSION = YES;
				CLANG_WARN_COMMA = YES;
				CLANG_WARN_CONSTANT_CONVERSION = YES;
				CLANG_WARN_DEPRECATED_OBJC_IMPLEMENTATIONS = YES;
				CLANG_WARN_DIRECT_OBJC_ISA_USAGE = YES_ERROR;
				CLANG_WARN_DOCUMENTATION_COMMENTS = YES;
				CLANG_WARN_EMPTY_BODY = YES;
				CLANG_WARN_ENUM_CONVERSION = YES;
				CLANG_WARN_INFINITE_RECURSION = YES;
				CLANG_WARN_INT_CONVERSION = YES;
				CLANG_WARN_NON_LITERAL_NULL_CONVERSION = YES;
				CLANG_WARN_OBJC_IMPLICIT_RETAIN_SELF = YES;
				CLANG_WARN_OBJC_LITERAL_CONVERSION = YES;
				CLANG_WARN_OBJC_ROOT_CLASS = YES_ERROR;
				CLANG_WARN_RANGE_LOOP_ANALYSIS = YES;
				CLANG_WARN_STRICT_PROTOTYPES = YES;
				CLANG_WARN_SUSPICIOUS_MOVE = YES;
				CLANG_WARN_UNGUARDED_AVAILABILITY = YES_AGGRESSIVE;
				CLANG_WARN_UNREACHABLE_CODE = YES;
				CLANG_WARN__DUPLICATE_METHOD_MATCH = YES;
				COPY_PHASE_STRIP = NO;
				DEBUG_INFORMATION_FORMAT = "dwarf-with-dsym";
				ENABLE_NS_ASSERTIONS = NO;
				ENABLE_STRICT_OBJC_MSGSEND = YES;
				GCC_C_LANGUAGE_STANDARD = gnu11;
				GCC_NO_COMMON_BLOCKS = YES;
				GCC_WARN_64_TO_32_BIT_CONVERSION = YES;
				GCC_WARN_ABOUT_RETURN_TYPE = YES_ERROR;
				GCC_WARN_UNDECLARED_SELECTOR = YES;
				GCC_WARN_UNINITIALIZED_AUTOS = YES_AGGRESSIVE;
				GCC_WARN_UNUSED_FUNCTION = YES;
				GCC_WARN_UNUSED_VARIABLE = YES;
				IPHONEOS_DEPLOYMENT_TARGET = 13.2;
				MTL_ENABLE_DEBUG_INFO = NO;
				MTL_FAST_MATH = YES;
				SDKROOT = iphoneos;
				SWIFT_COMPILATION_MODE = wholemodule;
				SWIFT_OPTIMIZATION_LEVEL = "-O";
				VALIDATE_PRODUCT = YES;
			};
			name = Release;
		};
/* End XCBuildConfiguration section */

/* Begin XCConfigurationList section */
		13EFFFE624ECB73C0039F232 /* Build configuration list for PBXProject "ProjectManager" */ = {
			isa = XCConfigurationList;
			buildConfigurations = (
				13EFFFFD24ECB73C0039F232 /* Debug */,
				13EFFFFE24ECB73C0039F232 /* Release */,
			);
			defaultConfigurationIsVisible = 0;
			defaultConfigurationName = Release;
		};
		13EFFFFF24ECB73C0039F232 /* Build configuration list for PBXNativeTarget "ProjectManager" */ = {
			isa = XCConfigurationList;
			buildConfigurations = (
				13EF000024ECB73C0039F232 /* Debug */,
				13EF000124ECB73C0039F232 /* Release */,
			);
			defaultConfigurationIsVisible = 0;
			defaultConfigurationName = Release;
		};
/* End XCConfigurationList section */
	};
	rootObject = 13EFFFE324ECB73C0039F232 /* Project object */;
}
