// !$*UTF8*$!
{
	archiveVersion = 1;
	classes = {
	};
	objectVersion = 50;
	objects = {

/* Begin PBXBuildFile section */
		13136A2124EE205800761CA1 /* ProjectController.swift in Sources */ = {isa = PBXBuildFile; fileRef = 13136A2024EE205800761CA1 /* ProjectController.swift */; };
		13451D6824ECD90B009C9313 /* Project.swift in Sources */ = {isa = PBXBuildFile; fileRef = 13451D6724ECD90B009C9313 /* Project.swift */; };
		13451D6A24ECD953009C9313 /* Product.swift in Sources */ = {isa = PBXBuildFile; fileRef = 13451D6924ECD953009C9313 /* Product.swift */; };
		13451D6E24ECD96E009C9313 /* Note.m in Sources */ = {isa = PBXBuildFile; fileRef = 13451D6D24ECD96E009C9313 /* Note.m */; };
		13CE97B424EF59F300200CB9 /* Receipt.swift in Sources */ = {isa = PBXBuildFile; fileRef = 13CE97B324EF59F300200CB9 /* Receipt.swift */; };
		13CE97B624EF605100200CB9 /* NoteTableViewCell.swift in Sources */ = {isa = PBXBuildFile; fileRef = 13CE97B524EF605100200CB9 /* NoteTableViewCell.swift */; };
		13CE97B824EF625C00200CB9 /* NotesDetailViewController.swift in Sources */ = {isa = PBXBuildFile; fileRef = 13CE97B724EF625C00200CB9 /* NotesDetailViewController.swift */; };
		13CE97BA24EF629500200CB9 /* NotesTableViewController.swift in Sources */ = {isa = PBXBuildFile; fileRef = 13CE97B924EF629500200CB9 /* NotesTableViewController.swift */; };
		13EFFFEF24ECB73C0039F232 /* AppDelegate.swift in Sources */ = {isa = PBXBuildFile; fileRef = 13EFFFEE24ECB73C0039F232 /* AppDelegate.swift */; };
		13EFFFF124ECB73C0039F232 /* SceneDelegate.swift in Sources */ = {isa = PBXBuildFile; fileRef = 13EFFFF024ECB73C0039F232 /* SceneDelegate.swift */; };
		13EFFFF624ECB73C0039F232 /* Main.storyboard in Resources */ = {isa = PBXBuildFile; fileRef = 13EFFFF424ECB73C0039F232 /* Main.storyboard */; };
		13EFFFF824ECB73C0039F232 /* Assets.xcassets in Resources */ = {isa = PBXBuildFile; fileRef = 13EFFFF724ECB73C0039F232 /* Assets.xcassets */; };
		13EFFFFB24ECB73C0039F232 /* LaunchScreen.storyboard in Resources */ = {isa = PBXBuildFile; fileRef = 13EFFFF924ECB73C0039F232 /* LaunchScreen.storyboard */; };
		C32D7D2124EE074A00073746 /* ProjectsTableViewController.swift in Sources */ = {isa = PBXBuildFile; fileRef = C32D7D2024EE074A00073746 /* ProjectsTableViewController.swift */; };
		C392711124ECC1E80032202A /* Projects.storyboard in Resources */ = {isa = PBXBuildFile; fileRef = C392711024ECC1E80032202A /* Projects.storyboard */; };
		C392711324ECC1F80032202A /* Dashboard.storyboard in Resources */ = {isa = PBXBuildFile; fileRef = C392711224ECC1F80032202A /* Dashboard.storyboard */; };
		C392711524ECC2060032202A /* Notes.storyboard in Resources */ = {isa = PBXBuildFile; fileRef = C392711424ECC2060032202A /* Notes.storyboard */; };
		C392711724ECC20E0032202A /* Products.storyboard in Resources */ = {isa = PBXBuildFile; fileRef = C392711624ECC20E0032202A /* Products.storyboard */; };
		C392711A24ECC24C0032202A /* Finances.storyboard in Resources */ = {isa = PBXBuildFile; fileRef = C392711924ECC24C0032202A /* Finances.storyboard */; };
		C392711C24ECC2570032202A /* Profile.storyboard in Resources */ = {isa = PBXBuildFile; fileRef = C392711B24ECC2570032202A /* Profile.storyboard */; };
		C392711E24ECC2600032202A /* Receipts.storyboard in Resources */ = {isa = PBXBuildFile; fileRef = C392711D24ECC2600032202A /* Receipts.storyboard */; };
		C392712024ECC39A0032202A /* TabController.storyboard in Resources */ = {isa = PBXBuildFile; fileRef = C392711F24ECC39A0032202A /* TabController.storyboard */; };
/* End PBXBuildFile section */

/* Begin PBXFileReference section */
		13136A2024EE205800761CA1 /* ProjectController.swift */ = {isa = PBXFileReference; lastKnownFileType = sourcecode.swift; path = ProjectController.swift; sourceTree = "<group>"; };
		13451D6724ECD90B009C9313 /* Project.swift */ = {isa = PBXFileReference; lastKnownFileType = sourcecode.swift; path = Project.swift; sourceTree = "<group>"; };
		13451D6924ECD953009C9313 /* Product.swift */ = {isa = PBXFileReference; lastKnownFileType = sourcecode.swift; path = Product.swift; sourceTree = "<group>"; };
		13451D6B24ECD96D009C9313 /* ProjectManager-Bridging-Header.h */ = {isa = PBXFileReference; lastKnownFileType = sourcecode.c.h; path = "ProjectManager-Bridging-Header.h"; sourceTree = "<group>"; };
		13451D6C24ECD96E009C9313 /* Note.h */ = {isa = PBXFileReference; lastKnownFileType = sourcecode.c.h; path = Note.h; sourceTree = "<group>"; };
		13451D6D24ECD96E009C9313 /* Note.m */ = {isa = PBXFileReference; lastKnownFileType = sourcecode.c.objc; path = Note.m; sourceTree = "<group>"; };
		13CE97B324EF59F300200CB9 /* Receipt.swift */ = {isa = PBXFileReference; lastKnownFileType = sourcecode.swift; path = Receipt.swift; sourceTree = "<group>"; };
		13CE97B524EF605100200CB9 /* NoteTableViewCell.swift */ = {isa = PBXFileReference; lastKnownFileType = sourcecode.swift; path = NoteTableViewCell.swift; sourceTree = "<group>"; };
		13CE97B724EF625C00200CB9 /* NotesDetailViewController.swift */ = {isa = PBXFileReference; lastKnownFileType = sourcecode.swift; path = NotesDetailViewController.swift; sourceTree = "<group>"; };
		13CE97B924EF629500200CB9 /* NotesTableViewController.swift */ = {isa = PBXFileReference; lastKnownFileType = sourcecode.swift; path = NotesTableViewController.swift; sourceTree = "<group>"; };
		13EFFFEB24ECB73C0039F232 /* ProjectManager.app */ = {isa = PBXFileReference; explicitFileType = wrapper.application; includeInIndex = 0; path = ProjectManager.app; sourceTree = BUILT_PRODUCTS_DIR; };
		13EFFFEE24ECB73C0039F232 /* AppDelegate.swift */ = {isa = PBXFileReference; lastKnownFileType = sourcecode.swift; path = AppDelegate.swift; sourceTree = "<group>"; };
		13EFFFF024ECB73C0039F232 /* SceneDelegate.swift */ = {isa = PBXFileReference; lastKnownFileType = sourcecode.swift; path = SceneDelegate.swift; sourceTree = "<group>"; };
		13EFFFF524ECB73C0039F232 /* Base */ = {isa = PBXFileReference; lastKnownFileType = file.storyboard; name = Base; path = Base.lproj/Main.storyboard; sourceTree = "<group>"; };
		13EFFFF724ECB73C0039F232 /* Assets.xcassets */ = {isa = PBXFileReference; lastKnownFileType = folder.assetcatalog; path = Assets.xcassets; sourceTree = "<group>"; };
		13EFFFFA24ECB73C0039F232 /* Base */ = {isa = PBXFileReference; lastKnownFileType = file.storyboard; name = Base; path = Base.lproj/LaunchScreen.storyboard; sourceTree = "<group>"; };
		13EFFFFC24ECB73C0039F232 /* Info.plist */ = {isa = PBXFileReference; lastKnownFileType = text.plist.xml; path = Info.plist; sourceTree = "<group>"; };
		C32D7D2024EE074A00073746 /* ProjectsTableViewController.swift */ = {isa = PBXFileReference; lastKnownFileType = sourcecode.swift; path = ProjectsTableViewController.swift; sourceTree = "<group>"; };
		C392711024ECC1E80032202A /* Projects.storyboard */ = {isa = PBXFileReference; lastKnownFileType = file.storyboard; path = Projects.storyboard; sourceTree = "<group>"; };
		C392711224ECC1F80032202A /* Dashboard.storyboard */ = {isa = PBXFileReference; lastKnownFileType = file.storyboard; path = Dashboard.storyboard; sourceTree = "<group>"; };
		C392711424ECC2060032202A /* Notes.storyboard */ = {isa = PBXFileReference; lastKnownFileType = file.storyboard; path = Notes.storyboard; sourceTree = "<group>"; };
		C392711624ECC20E0032202A /* Products.storyboard */ = {isa = PBXFileReference; lastKnownFileType = file.storyboard; path = Products.storyboard; sourceTree = "<group>"; };
		C392711924ECC24C0032202A /* Finances.storyboard */ = {isa = PBXFileReference; lastKnownFileType = file.storyboard; path = Finances.storyboard; sourceTree = "<group>"; };
		C392711B24ECC2570032202A /* Profile.storyboard */ = {isa = PBXFileReference; lastKnownFileType = file.storyboard; path = Profile.storyboard; sourceTree = "<group>"; };
		C392711D24ECC2600032202A /* Receipts.storyboard */ = {isa = PBXFileReference; lastKnownFileType = file.storyboard; path = Receipts.storyboard; sourceTree = "<group>"; };
		C392711F24ECC39A0032202A /* TabController.storyboard */ = {isa = PBXFileReference; lastKnownFileType = file.storyboard; path = TabController.storyboard; sourceTree = "<group>"; };
/* End PBXFileReference section */

/* Begin PBXFrameworksBuildPhase section */
		13EFFFE824ECB73C0039F232 /* Frameworks */ = {
			isa = PBXFrameworksBuildPhase;
			buildActionMask = 2147483647;
			files = (
			);
			runOnlyForDeploymentPostprocessing = 0;
		};
/* End PBXFrameworksBuildPhase section */

/* Begin PBXGroup section */
		13451D6624ECD8DB009C9313 /* Models */ = {
			isa = PBXGroup;
			children = (
				13451D6724ECD90B009C9313 /* Project.swift */,
				13451D6924ECD953009C9313 /* Product.swift */,
				13451D6C24ECD96E009C9313 /* Note.h */,
				13451D6D24ECD96E009C9313 /* Note.m */,
				13451D6B24ECD96D009C9313 /* ProjectManager-Bridging-Header.h */,
				13CE97B324EF59F300200CB9 /* Receipt.swift */,
			);
			path = Models;
			sourceTree = "<group>";
		};
		13EFFFE224ECB73C0039F232 = {
			isa = PBXGroup;
			children = (
				13EFFFED24ECB73C0039F232 /* ProjectManager */,
				13EFFFEC24ECB73C0039F232 /* Products */,
			);
			sourceTree = "<group>";
		};
		13EFFFEC24ECB73C0039F232 /* Products */ = {
			isa = PBXGroup;
			children = (
				13EFFFEB24ECB73C0039F232 /* ProjectManager.app */,
			);
			name = Products;
			sourceTree = "<group>";
		};
		13EFFFED24ECB73C0039F232 /* ProjectManager */ = {
			isa = PBXGroup;
			children = (
				13451D6624ECD8DB009C9313 /* Models */,
				C392710724ECC0FA0032202A /* Views */,
				C392710624ECC0F10032202A /* View Controllers */,
				C392710424ECC0AF0032202A /* Controllers */,
				C392710524ECC0DA0032202A /* Resources */,
				13EFFFFC24ECB73C0039F232 /* Info.plist */,
			);
			path = ProjectManager;
			sourceTree = "<group>";
		};
		C392710424ECC0AF0032202A /* Controllers */ = {
			isa = PBXGroup;
			children = (
				13136A2024EE205800761CA1 /* ProjectController.swift */,
			);
			path = Controllers;
			sourceTree = "<group>";
		};
		C392710524ECC0DA0032202A /* Resources */ = {
			isa = PBXGroup;
			children = (
				13EFFFEE24ECB73C0039F232 /* AppDelegate.swift */,
				13EFFFF024ECB73C0039F232 /* SceneDelegate.swift */,
				13EFFFF724ECB73C0039F232 /* Assets.xcassets */,
			);
			path = Resources;
			sourceTree = "<group>";
		};
		C392710624ECC0F10032202A /* View Controllers */ = {
			isa = PBXGroup;
			children = (
				C392712124ECC91B0032202A /* MainVC */,
				C392712824ECC9800032202A /* ProjectsVC */,
				C392712724ECC96B0032202A /* DashboardVC */,
				C392712324ECC9430032202A /* ProfileVC */,
				C392712224ECC9390032202A /* ReceiptsVC */,
			);
			path = "View Controllers";
			sourceTree = "<group>";
		};
		C392710724ECC0FA0032202A /* Views */ = {
			isa = PBXGroup;
			children = (
				C392710824ECC11A0032202A /* Main */,
				13EFFFF424ECB73C0039F232 /* Main.storyboard */,
				C392711F24ECC39A0032202A /* TabController.storyboard */,
				13EFFFF924ECB73C0039F232 /* LaunchScreen.storyboard */,
				C392710F24ECC19D0032202A /* Projects */,
				C392710A24ECC1300032202A /* Dashboard */,
				C392710E24ECC15E0032202A /* Profile */,
				C392710924ECC1240032202A /* Receipts */,
			);
			path = Views;
			sourceTree = "<group>";
		};
		C392710824ECC11A0032202A /* Main */ = {
			isa = PBXGroup;
			children = (
			);
			path = Main;
			sourceTree = "<group>";
		};
		C392710924ECC1240032202A /* Receipts */ = {
			isa = PBXGroup;
			children = (
				C392711D24ECC2600032202A /* Receipts.storyboard */,
			);
			path = Receipts;
			sourceTree = "<group>";
		};
		C392710A24ECC1300032202A /* Dashboard */ = {
			isa = PBXGroup;
			children = (
				C392711224ECC1F80032202A /* Dashboard.storyboard */,
				C392710D24ECC14C0032202A /* Notes */,
				C392710C24ECC1450032202A /* Products */,
				C392710B24ECC13E0032202A /* Finances */,
			);
			path = Dashboard;
			sourceTree = "<group>";
		};
		C392710B24ECC13E0032202A /* Finances */ = {
			isa = PBXGroup;
			children = (
				C392711924ECC24C0032202A /* Finances.storyboard */,
			);
			path = Finances;
			sourceTree = "<group>";
		};
		C392710C24ECC1450032202A /* Products */ = {
			isa = PBXGroup;
			children = (
				C392711624ECC20E0032202A /* Products.storyboard */,
			);
			path = Products;
			sourceTree = "<group>";
		};
		C392710D24ECC14C0032202A /* Notes */ = {
			isa = PBXGroup;
			children = (
				C392711424ECC2060032202A /* Notes.storyboard */,
				13CE97B524EF605100200CB9 /* NoteTableViewCell.swift */,
			);
			path = Notes;
			sourceTree = "<group>";
		};
		C392710E24ECC15E0032202A /* Profile */ = {
			isa = PBXGroup;
			children = (
				C392711B24ECC2570032202A /* Profile.storyboard */,
			);
			path = Profile;
			sourceTree = "<group>";
		};
		C392710F24ECC19D0032202A /* Projects */ = {
			isa = PBXGroup;
			children = (
				C392711024ECC1E80032202A /* Projects.storyboard */,
			);
			path = Projects;
			sourceTree = "<group>";
		};
		C392712124ECC91B0032202A /* MainVC */ = {
			isa = PBXGroup;
			children = (
			);
			path = MainVC;
			sourceTree = "<group>";
		};
		C392712224ECC9390032202A /* ReceiptsVC */ = {
			isa = PBXGroup;
			children = (
			);
			path = ReceiptsVC;
			sourceTree = "<group>";
		};
		C392712324ECC9430032202A /* ProfileVC */ = {
			isa = PBXGroup;
			children = (
			);
			path = ProfileVC;
			sourceTree = "<group>";
		};
		C392712424ECC94C0032202A /* FinancesVC */ = {
			isa = PBXGroup;
			children = (
			);
			path = FinancesVC;
			sourceTree = "<group>";
		};
		C392712524ECC9590032202A /* ProductsVC */ = {
			isa = PBXGroup;
			children = (
			);
			path = ProductsVC;
			sourceTree = "<group>";
		};
		C392712624ECC9630032202A /* NotesVC */ = {
			isa = PBXGroup;
			children = (
				13CE97B724EF625C00200CB9 /* NotesDetailViewController.swift */,
				13CE97B924EF629500200CB9 /* NotesTableViewController.swift */,
			);
			path = NotesVC;
			sourceTree = "<group>";
		};
		C392712724ECC96B0032202A /* DashboardVC */ = {
			isa = PBXGroup;
			children = (
				C392712624ECC9630032202A /* NotesVC */,
				C392712524ECC9590032202A /* ProductsVC */,
				C392712424ECC94C0032202A /* FinancesVC */,
			);
			path = DashboardVC;
			sourceTree = "<group>";
		};
		C392712824ECC9800032202A /* ProjectsVC */ = {
			isa = PBXGroup;
			children = (
				C32D7D2024EE074A00073746 /* ProjectsTableViewController.swift */,
			);
			path = ProjectsVC;
			sourceTree = "<group>";
		};
/* End PBXGroup section */

/* Begin PBXNativeTarget section */
		13EFFFEA24ECB73C0039F232 /* ProjectManager */ = {
			isa = PBXNativeTarget;
			buildConfigurationList = 13EFFFFF24ECB73C0039F232 /* Build configuration list for PBXNativeTarget "ProjectManager" */;
			buildPhases = (
				13EFFFE724ECB73C0039F232 /* Sources */,
				13EFFFE824ECB73C0039F232 /* Frameworks */,
				13EFFFE924ECB73C0039F232 /* Resources */,
			);
			buildRules = (
			);
			dependencies = (
			);
			name = ProjectManager;
			productName = ProjectManager;
			productReference = 13EFFFEB24ECB73C0039F232 /* ProjectManager.app */;
			productType = "com.apple.product-type.application";
		};
/* End PBXNativeTarget section */

/* Begin PBXProject section */
		13EFFFE324ECB73C0039F232 /* Project object */ = {
			isa = PBXProject;
			attributes = {
				LastSwiftUpdateCheck = 1130;
				LastUpgradeCheck = 1130;
				ORGANIZATIONNAME = LambdaStudents;
				TargetAttributes = {
					13EFFFEA24ECB73C0039F232 = {
						CreatedOnToolsVersion = 11.3.1;
						LastSwiftMigration = 1130;
					};
				};
			};
			buildConfigurationList = 13EFFFE624ECB73C0039F232 /* Build configuration list for PBXProject "ProjectManager" */;
			compatibilityVersion = "Xcode 9.3";
			developmentRegion = en;
			hasScannedForEncodings = 0;
			knownRegions = (
				en,
				Base,
			);
			mainGroup = 13EFFFE224ECB73C0039F232;
			productRefGroup = 13EFFFEC24ECB73C0039F232 /* Products */;
			projectDirPath = "";
			projectRoot = "";
			targets = (
				13EFFFEA24ECB73C0039F232 /* ProjectManager */,
			);
		};
/* End PBXProject section */

/* Begin PBXResourcesBuildPhase section */
		13EFFFE924ECB73C0039F232 /* Resources */ = {
			isa = PBXResourcesBuildPhase;
			buildActionMask = 2147483647;
			files = (
				C392711524ECC2060032202A /* Notes.storyboard in Resources */,
				C392711A24ECC24C0032202A /* Finances.storyboard in Resources */,
				C392711124ECC1E80032202A /* Projects.storyboard in Resources */,
				C392711324ECC1F80032202A /* Dashboard.storyboard in Resources */,
				13EFFFFB24ECB73C0039F232 /* LaunchScreen.storyboard in Resources */,
				13EFFFF824ECB73C0039F232 /* Assets.xcassets in Resources */,
				C392711C24ECC2570032202A /* Profile.storyboard in Resources */,
				C392712024ECC39A0032202A /* TabController.storyboard in Resources */,
				13EFFFF624ECB73C0039F232 /* Main.storyboard in Resources */,
				C392711724ECC20E0032202A /* Products.storyboard in Resources */,
				C392711E24ECC2600032202A /* Receipts.storyboard in Resources */,
			);
			runOnlyForDeploymentPostprocessing = 0;
		};
/* End PBXResourcesBuildPhase section */

/* Begin PBXSourcesBuildPhase section */
		13EFFFE724ECB73C0039F232 /* Sources */ = {
			isa = PBXSourcesBuildPhase;
			buildActionMask = 2147483647;
			files = (
				13451D6E24ECD96E009C9313 /* Note.m in Sources */,
				13CE97BA24EF629500200CB9 /* NotesTableViewController.swift in Sources */,
				13EFFFEF24ECB73C0039F232 /* AppDelegate.swift in Sources */,
				13136A2124EE205800761CA1 /* ProjectController.swift in Sources */,
				13451D6A24ECD953009C9313 /* Product.swift in Sources */,
				13CE97B424EF59F300200CB9 /* Receipt.swift in Sources */,
				13CE97B624EF605100200CB9 /* NoteTableViewCell.swift in Sources */,
				13EFFFF124ECB73C0039F232 /* SceneDelegate.swift in Sources */,
				13CE97B824EF625C00200CB9 /* NotesDetailViewController.swift in Sources */,
				13451D6824ECD90B009C9313 /* Project.swift in Sources */,
				C32D7D2124EE074A00073746 /* ProjectsTableViewController.swift in Sources */,
			);
			runOnlyForDeploymentPostprocessing = 0;
		};
/* End PBXSourcesBuildPhase section */

/* Begin PBXVariantGroup section */
		13EFFFF424ECB73C0039F232 /* Main.storyboard */ = {
			isa = PBXVariantGroup;
			children = (
				13EFFFF524ECB73C0039F232 /* Base */,
			);
			name = Main.storyboard;
			sourceTree = "<group>";
		};
		13EFFFF924ECB73C0039F232 /* LaunchScreen.storyboard */ = {
			isa = PBXVariantGroup;
			children = (
				13EFFFFA24ECB73C0039F232 /* Base */,
			);
			name = LaunchScreen.storyboard;
			sourceTree = "<group>";
		};
/* End PBXVariantGroup section */

/* Begin XCBuildConfiguration section */
		13EF000024ECB73C0039F232 /* Debug */ = {
			isa = XCBuildConfiguration;
			buildSettings = {
				ASSETCATALOG_COMPILER_APPICON_NAME = AppIcon;
				CLANG_ENABLE_MODULES = YES;
				CODE_SIGN_STYLE = Automatic;
				INFOPLIST_FILE = ProjectManager/Info.plist;
				LD_RUNPATH_SEARCH_PATHS = (
					"$(inherited)",
					"@executable_path/Frameworks",
				);
				PRODUCT_BUNDLE_IDENTIFIER = com.LambdaStudents.ProjectManager;
				PRODUCT_NAME = "$(TARGET_NAME)";
				SWIFT_OBJC_BRIDGING_HEADER = "ProjectManager/Models/ProjectManager-Bridging-Header.h";
				SWIFT_OPTIMIZATION_LEVEL = "-Onone";
				SWIFT_VERSION = 5.0;
				TARGETED_DEVICE_FAMILY = "1,2";
			};
			name = Debug;
		};
		13EF000124ECB73C0039F232 /* Release */ = {
			isa = XCBuildConfiguration;
			buildSettings = {
				ASSETCATALOG_COMPILER_APPICON_NAME = AppIcon;
				CLANG_ENABLE_MODULES = YES;
				CODE_SIGN_STYLE = Automatic;
				INFOPLIST_FILE = ProjectManager/Info.plist;
				LD_RUNPATH_SEARCH_PATHS = (
					"$(inherited)",
					"@executable_path/Frameworks",
				);
				PRODUCT_BUNDLE_IDENTIFIER = com.LambdaStudents.ProjectManager;
				PRODUCT_NAME = "$(TARGET_NAME)";
				SWIFT_OBJC_BRIDGING_HEADER = "ProjectManager/Models/ProjectManager-Bridging-Header.h";
				SWIFT_VERSION = 5.0;
				TARGETED_DEVICE_FAMILY = "1,2";
			};
			name = Release;
		};
		13EFFFFD24ECB73C0039F232 /* Debug */ = {
			isa = XCBuildConfiguration;
			buildSettings = {
				ALWAYS_SEARCH_USER_PATHS = NO;
				CLANG_ANALYZER_NONNULL = YES;
				CLANG_ANALYZER_NUMBER_OBJECT_CONVERSION = YES_AGGRESSIVE;
				CLANG_CXX_LANGUAGE_STANDARD = "gnu++14";
				CLANG_CXX_LIBRARY = "libc++";
				CLANG_ENABLE_MODULES = YES;
				CLANG_ENABLE_OBJC_ARC = YES;
				CLANG_ENABLE_OBJC_WEAK = YES;
				CLANG_WARN_BLOCK_CAPTURE_AUTORELEASING = YES;
				CLANG_WARN_BOOL_CONVERSION = YES;
				CLANG_WARN_COMMA = YES;
				CLANG_WARN_CONSTANT_CONVERSION = YES;
				CLANG_WARN_DEPRECATED_OBJC_IMPLEMENTATIONS = YES;
				CLANG_WARN_DIRECT_OBJC_ISA_USAGE = YES_ERROR;
				CLANG_WARN_DOCUMENTATION_COMMENTS = YES;
				CLANG_WARN_EMPTY_BODY = YES;
				CLANG_WARN_ENUM_CONVERSION = YES;
				CLANG_WARN_INFINITE_RECURSION = YES;
				CLANG_WARN_INT_CONVERSION = YES;
				CLANG_WARN_NON_LITERAL_NULL_CONVERSION = YES;
				CLANG_WARN_OBJC_IMPLICIT_RETAIN_SELF = YES;
				CLANG_WARN_OBJC_LITERAL_CONVERSION = YES;
				CLANG_WARN_OBJC_ROOT_CLASS = YES_ERROR;
				CLANG_WARN_RANGE_LOOP_ANALYSIS = YES;
				CLANG_WARN_STRICT_PROTOTYPES = YES;
				CLANG_WARN_SUSPICIOUS_MOVE = YES;
				CLANG_WARN_UNGUARDED_AVAILABILITY = YES_AGGRESSIVE;
				CLANG_WARN_UNREACHABLE_CODE = YES;
				CLANG_WARN__DUPLICATE_METHOD_MATCH = YES;
				COPY_PHASE_STRIP = NO;
				DEBUG_INFORMATION_FORMAT = dwarf;
				ENABLE_STRICT_OBJC_MSGSEND = YES;
				ENABLE_TESTABILITY = YES;
				GCC_C_LANGUAGE_STANDARD = gnu11;
				GCC_DYNAMIC_NO_PIC = NO;
				GCC_NO_COMMON_BLOCKS = YES;
				GCC_OPTIMIZATION_LEVEL = 0;
				GCC_PREPROCESSOR_DEFINITIONS = (
					"DEBUG=1",
					"$(inherited)",
				);
				GCC_WARN_64_TO_32_BIT_CONVERSION = YES;
				GCC_WARN_ABOUT_RETURN_TYPE = YES_ERROR;
				GCC_WARN_UNDECLARED_SELECTOR = YES;
				GCC_WARN_UNINITIALIZED_AUTOS = YES_AGGRESSIVE;
				GCC_WARN_UNUSED_FUNCTION = YES;
				GCC_WARN_UNUSED_VARIABLE = YES;
				IPHONEOS_DEPLOYMENT_TARGET = 13.2;
				MTL_ENABLE_DEBUG_INFO = INCLUDE_SOURCE;
				MTL_FAST_MATH = YES;
				ONLY_ACTIVE_ARCH = YES;
				SDKROOT = iphoneos;
				SWIFT_ACTIVE_COMPILATION_CONDITIONS = DEBUG;
				SWIFT_OPTIMIZATION_LEVEL = "-Onone";
			};
			name = Debug;
		};
		13EFFFFE24ECB73C0039F232 /* Release */ = {
			isa = XCBuildConfiguration;
			buildSettings = {
				ALWAYS_SEARCH_USER_PATHS = NO;
				CLANG_ANALYZER_NONNULL = YES;
				CLANG_ANALYZER_NUMBER_OBJECT_CONVERSION = YES_AGGRESSIVE;
				CLANG_CXX_LANGUAGE_STANDARD = "gnu++14";
				CLANG_CXX_LIBRARY = "libc++";
				CLANG_ENABLE_MODULES = YES;
				CLANG_ENABLE_OBJC_ARC = YES;
				CLANG_ENABLE_OBJC_WEAK = YES;
				CLANG_WARN_BLOCK_CAPTURE_AUTORELEASING = YES;
				CLANG_WARN_BOOL_CONVERSION = YES;
				CLANG_WARN_COMMA = YES;
				CLANG_WARN_CONSTANT_CONVERSION = YES;
				CLANG_WARN_DEPRECATED_OBJC_IMPLEMENTATIONS = YES;
				CLANG_WARN_DIRECT_OBJC_ISA_USAGE = YES_ERROR;
				CLANG_WARN_DOCUMENTATION_COMMENTS = YES;
				CLANG_WARN_EMPTY_BODY = YES;
				CLANG_WARN_ENUM_CONVERSION = YES;
				CLANG_WARN_INFINITE_RECURSION = YES;
				CLANG_WARN_INT_CONVERSION = YES;
				CLANG_WARN_NON_LITERAL_NULL_CONVERSION = YES;
				CLANG_WARN_OBJC_IMPLICIT_RETAIN_SELF = YES;
				CLANG_WARN_OBJC_LITERAL_CONVERSION = YES;
				CLANG_WARN_OBJC_ROOT_CLASS = YES_ERROR;
				CLANG_WARN_RANGE_LOOP_ANALYSIS = YES;
				CLANG_WARN_STRICT_PROTOTYPES = YES;
				CLANG_WARN_SUSPICIOUS_MOVE = YES;
				CLANG_WARN_UNGUARDED_AVAILABILITY = YES_AGGRESSIVE;
				CLANG_WARN_UNREACHABLE_CODE = YES;
				CLANG_WARN__DUPLICATE_METHOD_MATCH = YES;
				COPY_PHASE_STRIP = NO;
				DEBUG_INFORMATION_FORMAT = "dwarf-with-dsym";
				ENABLE_NS_ASSERTIONS = NO;
				ENABLE_STRICT_OBJC_MSGSEND = YES;
				GCC_C_LANGUAGE_STANDARD = gnu11;
				GCC_NO_COMMON_BLOCKS = YES;
				GCC_WARN_64_TO_32_BIT_CONVERSION = YES;
				GCC_WARN_ABOUT_RETURN_TYPE = YES_ERROR;
				GCC_WARN_UNDECLARED_SELECTOR = YES;
				GCC_WARN_UNINITIALIZED_AUTOS = YES_AGGRESSIVE;
				GCC_WARN_UNUSED_FUNCTION = YES;
				GCC_WARN_UNUSED_VARIABLE = YES;
				IPHONEOS_DEPLOYMENT_TARGET = 13.2;
				MTL_ENABLE_DEBUG_INFO = NO;
				MTL_FAST_MATH = YES;
				SDKROOT = iphoneos;
				SWIFT_COMPILATION_MODE = wholemodule;
				SWIFT_OPTIMIZATION_LEVEL = "-O";
				VALIDATE_PRODUCT = YES;
			};
			name = Release;
		};
/* End XCBuildConfiguration section */

/* Begin XCConfigurationList section */
		13EFFFE624ECB73C0039F232 /* Build configuration list for PBXProject "ProjectManager" */ = {
			isa = XCConfigurationList;
			buildConfigurations = (
				13EFFFFD24ECB73C0039F232 /* Debug */,
				13EFFFFE24ECB73C0039F232 /* Release */,
			);
			defaultConfigurationIsVisible = 0;
			defaultConfigurationName = Release;
		};
		13EFFFFF24ECB73C0039F232 /* Build configuration list for PBXNativeTarget "ProjectManager" */ = {
			isa = XCConfigurationList;
			buildConfigurations = (
				13EF000024ECB73C0039F232 /* Debug */,
				13EF000124ECB73C0039F232 /* Release */,
			);
			defaultConfigurationIsVisible = 0;
			defaultConfigurationName = Release;
		};
/* End XCConfigurationList section */
	};
	rootObject = 13EFFFE324ECB73C0039F232 /* Project object */;
}
